
Microsoft Visual Studio Solution File, Format Version 12.00
Project("{FAE04EC0-301F-11D3-BF4B-00C04F79EFBC}") = "Space", "Space\Space.csproj", "{6844E6CD-67FF-4888-A6AB-768BFF1CD771}"
EndProject
Global
	GlobalSection(SolutionConfigurationPlatforms) = preSolution
		Debug|Any CPU = Debug|Any CPU
		Release|Any CPU = Release|Any CPU
	EndGlobalSection
	GlobalSection(ProjectConfigurationPlatforms) = postSolution
		{6844E6CD-67FF-4888-A6AB-768BFF1CD771}.Debug|Any CPU.ActiveCfg = Debug|Any CPU
		{6844E6CD-67FF-4888-A6AB-768BFF1CD771}.Debug|Any CPU.Build.0 = Debug|Any CPU
		{6844E6CD-67FF-4888-A6AB-768BFF1CD771}.Release|Any CPU.ActiveCfg = Release|Any CPU
		{6844E6CD-67FF-4888-A6AB-768BFF1CD771}.Release|Any CPU.Build.0 = Release|Any CPU
	EndGlobalSection
EndGlobal
