
Microsoft Visual Studio Solution File, Format Version 12.00
# Visual Studio Version 17
VisualStudioVersion = 17.5.002.0
MinimumVisualStudioVersion = 10.0.40219.1
Project("{9A19103F-16F7-4668-BE54-9A1E7A4F7556}") = "Main", "Main\Main.csproj", "{1630BFD8-B1BD-4385-9C11-D863C79DFC6E}"
EndProject
Project("{2150E333-8FDC-42A3-9474-1A3956D46DE8}") = "Main (1)", "Main", "{24A149B5-BACA-4324-894A-073570FE2D2B}"
EndProject
Project("{2150E333-8FDC-42A3-9474-1A3956D46DE8}") = "Objectes", "Objectes", "{99E51B19-853A-4183-A6BB-4F15979C72FF}"
EndProject
Project("{9A19103F-16F7-4668-BE54-9A1E7A4F7556}") = "Alien", "Main\Objectes\Alien\Alien.csproj", "{19557C7C-75EB-4E5A-A7A7-1F22A93CC7C1}"
EndProject
Project("{9A19103F-16F7-4668-BE54-9A1E7A4F7556}") = "BG", "Main\Objectes\BG\BG.csproj", "{89D4582D-14D0-445D-B25B-AB1923C34B55}"
EndProject
Project("{9A19103F-16F7-4668-BE54-9A1E7A4F7556}") = "Explosio", "Main\Objectes\Explosio\Explosio.csproj", "{F79F904E-AB58-4542-887E-D81B01455061}"
EndProject
Project("{9A19103F-16F7-4668-BE54-9A1E7A4F7556}") = "Nau", "Main\Objectes\Nau\Nau.csproj", "{D8800975-55B9-49FE-8BA3-1C0B87B4289D}"
EndProject
Global
	GlobalSection(SolutionConfigurationPlatforms) = preSolution
		Debug|Any CPU = Debug|Any CPU
		Release|Any CPU = Release|Any CPU
	EndGlobalSection
	GlobalSection(ProjectConfigurationPlatforms) = postSolution
		{1630BFD8-B1BD-4385-9C11-D863C79DFC6E}.Debug|Any CPU.ActiveCfg = Debug|Any CPU
		{1630BFD8-B1BD-4385-9C11-D863C79DFC6E}.Debug|Any CPU.Build.0 = Debug|Any CPU
		{1630BFD8-B1BD-4385-9C11-D863C79DFC6E}.Release|Any CPU.ActiveCfg = Release|Any CPU
		{1630BFD8-B1BD-4385-9C11-D863C79DFC6E}.Release|Any CPU.Build.0 = Release|Any CPU
		{19557C7C-75EB-4E5A-A7A7-1F22A93CC7C1}.Debug|Any CPU.ActiveCfg = Debug|Any CPU
		{19557C7C-75EB-4E5A-A7A7-1F22A93CC7C1}.Debug|Any CPU.Build.0 = Debug|Any CPU
		{19557C7C-75EB-4E5A-A7A7-1F22A93CC7C1}.Release|Any CPU.ActiveCfg = Release|Any CPU
		{19557C7C-75EB-4E5A-A7A7-1F22A93CC7C1}.Release|Any CPU.Build.0 = Release|Any CPU
		{89D4582D-14D0-445D-B25B-AB1923C34B55}.Debug|Any CPU.ActiveCfg = Debug|Any CPU
		{89D4582D-14D0-445D-B25B-AB1923C34B55}.Debug|Any CPU.Build.0 = Debug|Any CPU
		{89D4582D-14D0-445D-B25B-AB1923C34B55}.Release|Any CPU.ActiveCfg = Release|Any CPU
		{89D4582D-14D0-445D-B25B-AB1923C34B55}.Release|Any CPU.Build.0 = Release|Any CPU
		{F79F904E-AB58-4542-887E-D81B01455061}.Debug|Any CPU.ActiveCfg = Debug|Any CPU
		{F79F904E-AB58-4542-887E-D81B01455061}.Debug|Any CPU.Build.0 = Debug|Any CPU
		{F79F904E-AB58-4542-887E-D81B01455061}.Release|Any CPU.ActiveCfg = Release|Any CPU
		{F79F904E-AB58-4542-887E-D81B01455061}.Release|Any CPU.Build.0 = Release|Any CPU
		{D8800975-55B9-49FE-8BA3-1C0B87B4289D}.Debug|Any CPU.ActiveCfg = Debug|Any CPU
		{D8800975-55B9-49FE-8BA3-1C0B87B4289D}.Debug|Any CPU.Build.0 = Debug|Any CPU
		{D8800975-55B9-49FE-8BA3-1C0B87B4289D}.Release|Any CPU.ActiveCfg = Release|Any CPU
		{D8800975-55B9-49FE-8BA3-1C0B87B4289D}.Release|Any CPU.Build.0 = Release|Any CPU
	EndGlobalSection
	GlobalSection(SolutionProperties) = preSolution
		HideSolutionNode = FALSE
	EndGlobalSection
	GlobalSection(NestedProjects) = preSolution
		{99E51B19-853A-4183-A6BB-4F15979C72FF} = {24A149B5-BACA-4324-894A-073570FE2D2B}
		{19557C7C-75EB-4E5A-A7A7-1F22A93CC7C1} = {99E51B19-853A-4183-A6BB-4F15979C72FF}
		{89D4582D-14D0-445D-B25B-AB1923C34B55} = {99E51B19-853A-4183-A6BB-4F15979C72FF}
		{F79F904E-AB58-4542-887E-D81B01455061} = {99E51B19-853A-4183-A6BB-4F15979C72FF}
		{D8800975-55B9-49FE-8BA3-1C0B87B4289D} = {99E51B19-853A-4183-A6BB-4F15979C72FF}
	EndGlobalSection
	GlobalSection(ExtensibilityGlobals) = postSolution
		SolutionGuid = {6FB9CBC6-0B97-4456-A405-3EF9B21C2849}
	EndGlobalSection
EndGlobal
